
Microsoft Visual Studio Solution File, Format Version 12.00
# Visual Studio Version 17
VisualStudioVersion = 17.1.32328.378
MinimumVisualStudioVersion = 10.0.40219.1
Project("{2150E333-8FDC-42A3-9474-1A3956D46DE8}") = "WebApp", "WebApp", "{A07D914E-6007-4975-A9FC-49E9DEE47D8A}"
EndProject
Project("{9A19103F-16F7-4668-BE54-9A1E7A4F7556}") = "WebApp", "src\WebApp\WebApp.csproj", "{BC04F0B0-8CEC-4BD0-8735-5B87BC5C4238}"
EndProject
Project("{2150E333-8FDC-42A3-9474-1A3956D46DE8}") = "Dominio", "Dominio", "{02B49467-7E9E-411D-B57D-0B214B78377E}"
EndProject
Project("{9A19103F-16F7-4668-BE54-9A1E7A4F7556}") = "Dominio", "src\Dominio\Dominio.csproj", "{C54BE9D7-6A62-4A71-9DE3-3A18029ABEF2}"
EndProject
Project("{2150E333-8FDC-42A3-9474-1A3956D46DE8}") = "Infra", "Infra", "{C1192FF4-B113-4587-AC9A-0E75122634F8}"
EndProject
Project("{FAE04EC0-301F-11D3-BF4B-00C04F79EFBC}") = "Infra", "src\Infra\Infra.csproj", "{5BC22673-5FBE-49DC-BD6B-5F38A0174F71}"
EndProject
Project("{2150E333-8FDC-42A3-9474-1A3956D46DE8}") = "Historia", "Historia", "{2DC0733E-3BB2-4977-8040-0D831A85AEC7}"
EndProject
Project("{FAE04EC0-301F-11D3-BF4B-00C04F79EFBC}") = "Historia", "src\Historia\Historia.csproj", "{C2A577C8-7536-4F1F-8D62-6822284F0F6C}"
EndProject
Global
	GlobalSection(SolutionConfigurationPlatforms) = preSolution
		Debug|Any CPU = Debug|Any CPU
		Release|Any CPU = Release|Any CPU
	EndGlobalSection
	GlobalSection(ProjectConfigurationPlatforms) = postSolution
		{BC04F0B0-8CEC-4BD0-8735-5B87BC5C4238}.Debug|Any CPU.ActiveCfg = Debug|Any CPU
		{BC04F0B0-8CEC-4BD0-8735-5B87BC5C4238}.Debug|Any CPU.Build.0 = Debug|Any CPU
		{BC04F0B0-8CEC-4BD0-8735-5B87BC5C4238}.Release|Any CPU.ActiveCfg = Release|Any CPU
		{BC04F0B0-8CEC-4BD0-8735-5B87BC5C4238}.Release|Any CPU.Build.0 = Release|Any CPU
		{C54BE9D7-6A62-4A71-9DE3-3A18029ABEF2}.Debug|Any CPU.ActiveCfg = Debug|Any CPU
		{C54BE9D7-6A62-4A71-9DE3-3A18029ABEF2}.Debug|Any CPU.Build.0 = Debug|Any CPU
		{C54BE9D7-6A62-4A71-9DE3-3A18029ABEF2}.Release|Any CPU.ActiveCfg = Release|Any CPU
		{C54BE9D7-6A62-4A71-9DE3-3A18029ABEF2}.Release|Any CPU.Build.0 = Release|Any CPU
		{5BC22673-5FBE-49DC-BD6B-5F38A0174F71}.Debug|Any CPU.ActiveCfg = Debug|Any CPU
		{5BC22673-5FBE-49DC-BD6B-5F38A0174F71}.Debug|Any CPU.Build.0 = Debug|Any CPU
		{5BC22673-5FBE-49DC-BD6B-5F38A0174F71}.Release|Any CPU.ActiveCfg = Release|Any CPU
		{5BC22673-5FBE-49DC-BD6B-5F38A0174F71}.Release|Any CPU.Build.0 = Release|Any CPU
		{C2A577C8-7536-4F1F-8D62-6822284F0F6C}.Debug|Any CPU.ActiveCfg = Debug|Any CPU
		{C2A577C8-7536-4F1F-8D62-6822284F0F6C}.Debug|Any CPU.Build.0 = Debug|Any CPU
		{C2A577C8-7536-4F1F-8D62-6822284F0F6C}.Release|Any CPU.ActiveCfg = Release|Any CPU
		{C2A577C8-7536-4F1F-8D62-6822284F0F6C}.Release|Any CPU.Build.0 = Release|Any CPU
	EndGlobalSection
	GlobalSection(SolutionProperties) = preSolution
		HideSolutionNode = FALSE
	EndGlobalSection
	GlobalSection(NestedProjects) = preSolution
		{BC04F0B0-8CEC-4BD0-8735-5B87BC5C4238} = {A07D914E-6007-4975-A9FC-49E9DEE47D8A}
		{C54BE9D7-6A62-4A71-9DE3-3A18029ABEF2} = {02B49467-7E9E-411D-B57D-0B214B78377E}
		{5BC22673-5FBE-49DC-BD6B-5F38A0174F71} = {C1192FF4-B113-4587-AC9A-0E75122634F8}
		{C2A577C8-7536-4F1F-8D62-6822284F0F6C} = {2DC0733E-3BB2-4977-8040-0D831A85AEC7}
	EndGlobalSection
	GlobalSection(ExtensibilityGlobals) = postSolution
		SolutionGuid = {AF2A73B4-4EC0-4608-949B-7A6144C4E0C5}
	EndGlobalSection
EndGlobal
